
Microsoft Visual Studio Solution File, Format Version 11.00
# Visual Studio 2010
Project("{FAE04EC0-301F-11D3-BF4B-00C04F79EFBC}") = "twmailer", "twmailer\twmailer.csproj", "{23B2F345-AC0D-402E-8D8F-A63E467E4C95}"
EndProject
Global
	GlobalSection(SolutionConfigurationPlatforms) = preSolution
		Debug|x86 = Debug|x86
		Release|x86 = Release|x86
	EndGlobalSection
	GlobalSection(ProjectConfigurationPlatforms) = postSolution
		{23B2F345-AC0D-402E-8D8F-A63E467E4C95}.Debug|x86.ActiveCfg = Debug|x86
		{23B2F345-AC0D-402E-8D8F-A63E467E4C95}.Debug|x86.Build.0 = Debug|x86
		{23B2F345-AC0D-402E-8D8F-A63E467E4C95}.Release|x86.ActiveCfg = Release|x86
		{23B2F345-AC0D-402E-8D8F-A63E467E4C95}.Release|x86.Build.0 = Release|x86
	EndGlobalSection
	GlobalSection(SolutionProperties) = preSolution
		HideSolutionNode = FALSE
	EndGlobalSection
EndGlobal
