
Microsoft Visual Studio Solution File, Format Version 11.00
# Visual C# Express 2010
Project("{FAE04EC0-301F-11D3-BF4B-00C04F79EFBC}") = "EPU-Backoffice", "EPU-Backoffice\EPU-Backoffice.csproj", "{B1389B9E-E265-4C1E-9838-6CF8E08BA40C}"
EndProject
Global
	GlobalSection(SolutionConfigurationPlatforms) = preSolution
		Debug|x86 = Debug|x86
		Release|x86 = Release|x86
	EndGlobalSection
	GlobalSection(ProjectConfigurationPlatforms) = postSolution
		{B1389B9E-E265-4C1E-9838-6CF8E08BA40C}.Debug|x86.ActiveCfg = Debug|x86
		{B1389B9E-E265-4C1E-9838-6CF8E08BA40C}.Debug|x86.Build.0 = Debug|x86
		{B1389B9E-E265-4C1E-9838-6CF8E08BA40C}.Release|x86.ActiveCfg = Release|x86
		{B1389B9E-E265-4C1E-9838-6CF8E08BA40C}.Release|x86.Build.0 = Release|x86
	EndGlobalSection
	GlobalSection(SolutionProperties) = preSolution
		HideSolutionNode = FALSE
	EndGlobalSection
EndGlobal
